
Microsoft Visual Studio Solution File, Format Version 12.00
# Visual Studio Version 16
VisualStudioVersion = 16.0.30804.86
MinimumVisualStudioVersion = 10.0.40219.1
Project("{888888A0-9F3D-457C-B088-3A5042F75D52}") = "Camera-Usage", "PythonApplication1\Camera-Usage.pyproj", "{D80731C2-7863-4C3A-B55B-C855C6FBE6AB}"
EndProject
Global
	GlobalSection(SolutionConfigurationPlatforms) = preSolution
		Debug|Any CPU = Debug|Any CPU
		Release|Any CPU = Release|Any CPU
	EndGlobalSection
	GlobalSection(ProjectConfigurationPlatforms) = postSolution
		{D80731C2-7863-4C3A-B55B-C855C6FBE6AB}.Debug|Any CPU.ActiveCfg = Debug|Any CPU
		{D80731C2-7863-4C3A-B55B-C855C6FBE6AB}.Release|Any CPU.ActiveCfg = Release|Any CPU
	EndGlobalSection
	GlobalSection(SolutionProperties) = preSolution
		HideSolutionNode = FALSE
	EndGlobalSection
	GlobalSection(ExtensibilityGlobals) = postSolution
		SolutionGuid = {7EF45AFF-F554-4873-B1AC-675BF9FC4F40}
	EndGlobalSection
EndGlobal
